
Microsoft Visual Studio Solution File, Format Version 12.00
# Visual Studio Version 17
VisualStudioVersion = 17.3.32811.315
MinimumVisualStudioVersion = 10.0.40219.1
Project("{8BC9CEB8-8B4A-11D0-8D11-00A0C91BC942}") = "03_Raytracing_Step13_Transparency", "03_Raytracing_Step13_Transparency.vcxproj", "{EEA76724-57CF-4A2C-9AA8-0B6916B5B035}"
EndProject
Global
	GlobalSection(SolutionConfigurationPlatforms) = preSolution
		Debug|x64 = Debug|x64
		Debug|x86 = Debug|x86
		Release|x64 = Release|x64
		Release|x86 = Release|x86
	EndGlobalSection
	GlobalSection(ProjectConfigurationPlatforms) = postSolution
		{EEA76724-57CF-4A2C-9AA8-0B6916B5B035}.Debug|x64.ActiveCfg = Debug|x64
		{EEA76724-57CF-4A2C-9AA8-0B6916B5B035}.Debug|x64.Build.0 = Debug|x64
		{EEA76724-57CF-4A2C-9AA8-0B6916B5B035}.Debug|x86.ActiveCfg = Debug|Win32
		{EEA76724-57CF-4A2C-9AA8-0B6916B5B035}.Debug|x86.Build.0 = Debug|Win32
		{EEA76724-57CF-4A2C-9AA8-0B6916B5B035}.Release|x64.ActiveCfg = Release|x64
		{EEA76724-57CF-4A2C-9AA8-0B6916B5B035}.Release|x64.Build.0 = Release|x64
		{EEA76724-57CF-4A2C-9AA8-0B6916B5B035}.Release|x86.ActiveCfg = Release|Win32
		{EEA76724-57CF-4A2C-9AA8-0B6916B5B035}.Release|x86.Build.0 = Release|Win32
	EndGlobalSection
	GlobalSection(SolutionProperties) = preSolution
		HideSolutionNode = FALSE
	EndGlobalSection
	GlobalSection(ExtensibilityGlobals) = postSolution
		SolutionGuid = {3921E418-FE3C-4B9C-9B83-8921C62EDB58}
	EndGlobalSection
EndGlobal
